
Microsoft Visual Studio Solution File, Format Version 12.00
# Visual Studio Version 16
VisualStudioVersion = 16.0.29209.152
MinimumVisualStudioVersion = 10.0.40219.1
Project("{FAE04EC0-301F-11D3-BF4B-00C04F79EFBC}") = "Sueetie.Core", "src\Sueetie.Core\Sueetie.Core.csproj", "{A839E4E2-D8E4-4381-9CF3-0D267053E957}"
EndProject
Project("{FAE04EC0-301F-11D3-BF4B-00C04F79EFBC}") = "Sueetie.Controls", "src\Sueetie.Controls\Sueetie.Controls.csproj", "{E502B308-F7C6-450B-83E0-A23951E08625}"
EndProject
Project("{FAE04EC0-301F-11D3-BF4B-00C04F79EFBC}") = "Sueetie.Search", "src\Sueetie.Search\Sueetie.Search.csproj", "{5F605011-031B-49FA-84C3-B61D1E8891CF}"
EndProject
Project("{FAE04EC0-301F-11D3-BF4B-00C04F79EFBC}") = "Sueetie.Blog", "src\Sueetie.Blog\Sueetie.Blog.csproj", "{707E1C77-7A17-4C3B-8BB1-BC0D9E02A25B}"
EndProject
Project("{FAE04EC0-301F-11D3-BF4B-00C04F79EFBC}") = "BlogEngine.Core", "src\BlogEngine.Core\BlogEngine.Core.csproj", "{9ED9914A-FB6E-4D21-8C71-9122E8C3076B}"
EndProject
Project("{FAE04EC0-301F-11D3-BF4B-00C04F79EFBC}") = "TIS.GSP.Business", "src\TIS.GSP.Business\TIS.GSP.Business.csproj", "{CD3EAF7D-B964-4BAF-BE4D-E2844B4C7A33}"
EndProject
Project("{FAE04EC0-301F-11D3-BF4B-00C04F79EFBC}") = "ScrewTurnWiki.Core", "src\ScrewTurnWiki.Core\ScrewTurnWiki.Core.csproj", "{C353A35C-86D0-4154-9500-4F88CAAB29C3}"
EndProject
Project("{FAE04EC0-301F-11D3-BF4B-00C04F79EFBC}") = "Saltie", "src\Saltie\Saltie.csproj", "{D4F4DE5E-23E1-4837-8368-7FB2DA3C07F5}"
EndProject
Project("{FAE04EC0-301F-11D3-BF4B-00C04F79EFBC}") = "Sueetie.Wiki", "src\Sueetie.Wiki\Sueetie.Wiki.csproj", "{CE43B562-74B5-46C9-811A-CF3802539FA3}"
EndProject
Project("{FAE04EC0-301F-11D3-BF4B-00C04F79EFBC}") = "MediaWebApplication", "src\WebApplication\media\MediaWebApplication.csproj", "{A6CBE28C-CAD6-4FC9-9C2D-B5B2DE35A33D}"
EndProject
Project("{FAE04EC0-301F-11D3-BF4B-00C04F79EFBC}") = "Sueetie.Media", "src\Sueetie.Media\Sueetie.Media.csproj", "{00F82E08-17A6-4178-86ED-41E60D7219AB}"
EndProject
Project("{FAE04EC0-301F-11D3-BF4B-00C04F79EFBC}") = "WikiWebApplication", "src\WebApplication\wiki\WikiWebApplication.csproj", "{1DB1E325-A12E-4415-990C-A5DB669BE835}"
	ProjectSection(ProjectDependencies) = postProject
		{ECB488D9-C8E9-41E0-BE27-27F41F76F8A0} = {ECB488D9-C8E9-41E0-BE27-27F41F76F8A0}
		{76BE9FEE-8A5C-43EB-8BBD-328F3988D3B6} = {76BE9FEE-8A5C-43EB-8BBD-328F3988D3B6}
	EndProjectSection
EndProject
Project("{2150E333-8FDC-42A3-9474-1A3956D46DE8}") = "Libraries", "Libraries", "{DEE60A60-B15E-4F53-9F80-7E384F5C785B}"
EndProject
Project("{FAE04EC0-301F-11D3-BF4B-00C04F79EFBC}") = "YAF", "src\WebApplication\Forum\YAF.csproj", "{555357E5-A150-4C4D-BC81-97F4AE19086A}"
EndProject
Project("{2150E333-8FDC-42A3-9474-1A3956D46DE8}") = "Forum", "Forum", "{F291C4E9-C45C-4EE6-9B1B-691D0E7901BE}"
EndProject
Project("{2150E333-8FDC-42A3-9474-1A3956D46DE8}") = "Wiki", "Wiki", "{B405C88D-125B-4DEB-A0DE-BBED063AB7D1}"
EndProject
Project("{FAE04EC0-301F-11D3-BF4B-00C04F79EFBC}") = "ScrewTurnWiki.MembershipProvider", "src\ScrewTurnWiki.MembershipProvider\ScrewTurnWiki.MembershipProvider.csproj", "{76BE9FEE-8A5C-43EB-8BBD-328F3988D3B6}"
EndProject
Project("{2150E333-8FDC-42A3-9474-1A3956D46DE8}") = "Medias", "Medias", "{AE38DFCF-FB30-4916-8DB9-41101AEA28D0}"
EndProject
Project("{FAE04EC0-301F-11D3-BF4B-00C04F79EFBC}") = "Sueetie.Commerce", "src\Sueetie.Commerce\Sueetie.Commerce.csproj", "{7558F209-A387-4C62-ACD1-D5AD546700F4}"
EndProject
Project("{2150E333-8FDC-42A3-9474-1A3956D46DE8}") = "Blog", "Blog", "{F5FD6B45-5B08-4C9D-B74F-58153794742C}"
EndProject
Project("{FAE04EC0-301F-11D3-BF4B-00C04F79EFBC}") = "BlogEngine.WebApplication", "src\WebApplication\Blog\BlogEngine.WebApplication.csproj", "{2FE25968-FCD2-4044-88A0-A79652F17C0A}"
EndProject
Project("{FAE04EC0-301F-11D3-BF4B-00C04F79EFBC}") = "WebApplication", "src\WebApplication\WebApplication.csproj", "{212510CE-C1CA-4CC6-A79C-C780A9501B84}"
	ProjectSection(ProjectDependencies) = postProject
		{1DB1E325-A12E-4415-990C-A5DB669BE835} = {1DB1E325-A12E-4415-990C-A5DB669BE835}
		{2FE25968-FCD2-4044-88A0-A79652F17C0A} = {2FE25968-FCD2-4044-88A0-A79652F17C0A}
		{A6CBE28C-CAD6-4FC9-9C2D-B5B2DE35A33D} = {A6CBE28C-CAD6-4FC9-9C2D-B5B2DE35A33D}
		{555357E5-A150-4C4D-BC81-97F4AE19086A} = {555357E5-A150-4C4D-BC81-97F4AE19086A}
	EndProjectSection
EndProject
Project("{2150E333-8FDC-42A3-9474-1A3956D46DE8}") = "Solution Items", "Solution Items", "{6F525478-D410-4C27-82A4-27E1A25EA066}"
	ProjectSection(SolutionItems) = preProject
		build\build.proj = build\build.proj
		README.txt = README.txt
	EndProjectSection
EndProject
Project("{FAE04EC0-301F-11D3-BF4B-00C04F79EFBC}") = "ScrewTurnWiki.Core.Tests", "src\ScrewTurnWiki.Core.Tests\ScrewTurnWiki.Core.Tests.csproj", "{013B5DA5-76F9-4D7F-A174-4926BF51E24B}"
EndProject
Project("{FAE04EC0-301F-11D3-BF4B-00C04F79EFBC}") = "ScrewTurnWiki.AclEngine", "src\ScrewTurnWiki.AclEngine\ScrewTurnWiki.AclEngine.csproj", "{44B0F4C1-8CDC-4272-B2A2-C0AF689CEB81}"
EndProject
Project("{FAE04EC0-301F-11D3-BF4B-00C04F79EFBC}") = "ScrewTurnWiki.AclEngine.Tests", "src\ScrewTurnWiki.AclEngine.Tests\ScrewTurnWiki.AclEngine.Tests.csproj", "{9F22D0A6-115B-4EB1-8506-65263674CEA3}"
EndProject
Project("{FAE04EC0-301F-11D3-BF4B-00C04F79EFBC}") = "ScrewTurnWiki.PluginFramework", "src\ScrewTurnWiki.PluginFramework\ScrewTurnWiki.PluginFramework.csproj", "{531A83D6-76F9-4014-91C5-295818E2D948}"
EndProject
Project("{FAE04EC0-301F-11D3-BF4B-00C04F79EFBC}") = "ScrewTurnWiki.SearchEngine", "src\ScrewTurnWiki.SearchEngine\ScrewTurnWiki.SearchEngine.csproj", "{2DF980A6-4742-49B1-A090-DE79314644D0}"
EndProject
Project("{FAE04EC0-301F-11D3-BF4B-00C04F79EFBC}") = "ScrewTurnWiki.TestScaffolding", "src\ScrewTurnWiki.TestScaffolding\ScrewTurnWiki.TestScaffolding.csproj", "{F865670A-DEDE-41B5-B426-48D73C3B5B1C}"
EndProject
Project("{FAE04EC0-301F-11D3-BF4B-00C04F79EFBC}") = "ScrewTurnWiki.SearchEngine.Tests", "src\ScrewTurnWiki.SearchEngine.Tests\ScrewTurnWiki.SearchEngine.Tests.csproj", "{07625628-842E-4CAA-A029-4D6852C7CA20}"
EndProject
Project("{FAE04EC0-301F-11D3-BF4B-00C04F79EFBC}") = "ScrewTurnWiki.BackupRestore", "src\ScrewTurnWiki.BackupRestore\ScrewTurnWiki.BackupRestore.csproj", "{06320590-F6FC-4F8B-B3A2-2B5991676BE8}"
EndProject
Project("{FAE04EC0-301F-11D3-BF4B-00C04F79EFBC}") = "ScrewTurnWiki.SqlServerProviders", "src\ScrewTurnWiki.SqlServerProviders\ScrewTurnWiki.SqlServerProviders.csproj", "{ECB488D9-C8E9-41E0-BE27-27F41F76F8A0}"
EndProject
Project("{FAE04EC0-301F-11D3-BF4B-00C04F79EFBC}") = "YAF.Types", "ext\yafnet\yafsrc\YAF.Types\YAF.Types.csproj", "{B9CF38B0-39CF-43C7-9589-166DCC665652}"
EndProject
Project("{FAE04EC0-301F-11D3-BF4B-00C04F79EFBC}") = "YAF.Utils", "ext\yafnet\yafsrc\YAF.Utils\YAF.Utils.csproj", "{F80E0025-E57E-4BB5-89F2-CFBCAC1AFCF4}"
EndProject
Project("{FAE04EC0-301F-11D3-BF4B-00C04F79EFBC}") = "YAF.Providers", "ext\yafnet\yafsrc\YAF.Providers\YAF.Providers.csproj", "{95A44CD9-4399-4DB9-823F-1A264083A390}"
EndProject
Project("{FAE04EC0-301F-11D3-BF4B-00C04F79EFBC}") = "YAF.Core", "ext\yafnet\yafsrc\YAF.Core\YAF.Core.csproj", "{BCEFE9BE-7417-47FB-A0E8-75E0201E88E8}"
EndProject
Project("{FAE04EC0-301F-11D3-BF4B-00C04F79EFBC}") = "YAF.Data.MsSql", "ext\yafnet\yafsrc\YAF.Data.MsSql\YAF.Data.MsSql.csproj", "{900B3FCF-BD78-4718-A34D-2662576565C8}"
EndProject
Project("{FAE04EC0-301F-11D3-BF4B-00C04F79EFBC}") = "YAF.Controls", "ext\yafnet\yafsrc\YAF.Controls\YAF.Controls.csproj", "{C72A5FC8-4B1C-4A24-A306-FB550729DBF0}"
EndProject
Project("{FAE04EC0-301F-11D3-BF4B-00C04F79EFBC}") = "YAF.Classes.Data", "ext\yafnet\yafsrc\YAF.Classes\YAF.Classes.Data\YAF.Classes.Data.csproj", "{9A454596-56DC-4834-A043-F3C1443F859B}"
EndProject
Project("{FAE04EC0-301F-11D3-BF4B-00C04F79EFBC}") = "YAF.Classes.Config", "ext\yafnet\yafsrc\YAF.Classes\YAF.Classes.Config\YAF.Classes.Config.csproj", "{05E50D2F-9527-4CE8-A0F8-168281C426CB}"
EndProject
Project("{FAE04EC0-301F-11D3-BF4B-00C04F79EFBC}") = "Intelligencia.UrlRewriter", "ext\yafnet\yafsrc\URLRewriter.NET\Intelligencia.UrlRewriter.csproj", "{F8516C67-92BE-43FF-A8A9-B71A3EA4BE0D}"
EndProject
Project("{2150E333-8FDC-42A3-9474-1A3956D46DE8}") = "Wiki2", "Wiki2", "{32A9E1CC-E845-4800-B427-11A68C78DDEA}"
EndProject
Project("{9A19103F-16F7-4668-BE54-9A1E7A4F7556}") = "PathfinderFr.Wiki.Web", "src\WebApplication\Wiki2\PathfinderFr.Wiki.Web.csproj", "{98379F82-90B3-4D34-A7CA-58AA33C55EB3}"
EndProject
Global
	GlobalSection(SolutionConfigurationPlatforms) = preSolution
		Debug|Any CPU = Debug|Any CPU
		Deploy|Any CPU = Deploy|Any CPU
		Package|Any CPU = Package|Any CPU
		Release|Any CPU = Release|Any CPU
	EndGlobalSection
	GlobalSection(ProjectConfigurationPlatforms) = postSolution
		{A839E4E2-D8E4-4381-9CF3-0D267053E957}.Debug|Any CPU.ActiveCfg = Debug|Any CPU
		{A839E4E2-D8E4-4381-9CF3-0D267053E957}.Debug|Any CPU.Build.0 = Debug|Any CPU
		{A839E4E2-D8E4-4381-9CF3-0D267053E957}.Deploy|Any CPU.ActiveCfg = Debug|Any CPU
		{A839E4E2-D8E4-4381-9CF3-0D267053E957}.Deploy|Any CPU.Build.0 = Debug|Any CPU
		{A839E4E2-D8E4-4381-9CF3-0D267053E957}.Package|Any CPU.ActiveCfg = Release|Any CPU
		{A839E4E2-D8E4-4381-9CF3-0D267053E957}.Package|Any CPU.Build.0 = Release|Any CPU
		{A839E4E2-D8E4-4381-9CF3-0D267053E957}.Release|Any CPU.ActiveCfg = Release|Any CPU
		{A839E4E2-D8E4-4381-9CF3-0D267053E957}.Release|Any CPU.Build.0 = Release|Any CPU
		{E502B308-F7C6-450B-83E0-A23951E08625}.Debug|Any CPU.ActiveCfg = Debug|Any CPU
		{E502B308-F7C6-450B-83E0-A23951E08625}.Debug|Any CPU.Build.0 = Debug|Any CPU
		{E502B308-F7C6-450B-83E0-A23951E08625}.Deploy|Any CPU.ActiveCfg = Debug|Any CPU
		{E502B308-F7C6-450B-83E0-A23951E08625}.Deploy|Any CPU.Build.0 = Debug|Any CPU
		{E502B308-F7C6-450B-83E0-A23951E08625}.Package|Any CPU.ActiveCfg = Release|Any CPU
		{E502B308-F7C6-450B-83E0-A23951E08625}.Package|Any CPU.Build.0 = Release|Any CPU
		{E502B308-F7C6-450B-83E0-A23951E08625}.Release|Any CPU.ActiveCfg = Release|Any CPU
		{E502B308-F7C6-450B-83E0-A23951E08625}.Release|Any CPU.Build.0 = Release|Any CPU
		{5F605011-031B-49FA-84C3-B61D1E8891CF}.Debug|Any CPU.ActiveCfg = Debug|Any CPU
		{5F605011-031B-49FA-84C3-B61D1E8891CF}.Debug|Any CPU.Build.0 = Debug|Any CPU
		{5F605011-031B-49FA-84C3-B61D1E8891CF}.Deploy|Any CPU.ActiveCfg = Debug|Any CPU
		{5F605011-031B-49FA-84C3-B61D1E8891CF}.Deploy|Any CPU.Build.0 = Debug|Any CPU
		{5F605011-031B-49FA-84C3-B61D1E8891CF}.Package|Any CPU.ActiveCfg = Release|Any CPU
		{5F605011-031B-49FA-84C3-B61D1E8891CF}.Package|Any CPU.Build.0 = Release|Any CPU
		{5F605011-031B-49FA-84C3-B61D1E8891CF}.Release|Any CPU.ActiveCfg = Release|Any CPU
		{5F605011-031B-49FA-84C3-B61D1E8891CF}.Release|Any CPU.Build.0 = Release|Any CPU
		{707E1C77-7A17-4C3B-8BB1-BC0D9E02A25B}.Debug|Any CPU.ActiveCfg = Debug|Any CPU
		{707E1C77-7A17-4C3B-8BB1-BC0D9E02A25B}.Debug|Any CPU.Build.0 = Debug|Any CPU
		{707E1C77-7A17-4C3B-8BB1-BC0D9E02A25B}.Deploy|Any CPU.ActiveCfg = Debug|Any CPU
		{707E1C77-7A17-4C3B-8BB1-BC0D9E02A25B}.Deploy|Any CPU.Build.0 = Debug|Any CPU
		{707E1C77-7A17-4C3B-8BB1-BC0D9E02A25B}.Package|Any CPU.ActiveCfg = Release|Any CPU
		{707E1C77-7A17-4C3B-8BB1-BC0D9E02A25B}.Package|Any CPU.Build.0 = Release|Any CPU
		{707E1C77-7A17-4C3B-8BB1-BC0D9E02A25B}.Release|Any CPU.ActiveCfg = Release|Any CPU
		{707E1C77-7A17-4C3B-8BB1-BC0D9E02A25B}.Release|Any CPU.Build.0 = Release|Any CPU
		{9ED9914A-FB6E-4D21-8C71-9122E8C3076B}.Debug|Any CPU.ActiveCfg = Debug|Any CPU
		{9ED9914A-FB6E-4D21-8C71-9122E8C3076B}.Debug|Any CPU.Build.0 = Debug|Any CPU
		{9ED9914A-FB6E-4D21-8C71-9122E8C3076B}.Deploy|Any CPU.ActiveCfg = Debug|Any CPU
		{9ED9914A-FB6E-4D21-8C71-9122E8C3076B}.Deploy|Any CPU.Build.0 = Debug|Any CPU
		{9ED9914A-FB6E-4D21-8C71-9122E8C3076B}.Package|Any CPU.ActiveCfg = Release|Any CPU
		{9ED9914A-FB6E-4D21-8C71-9122E8C3076B}.Package|Any CPU.Build.0 = Release|Any CPU
		{9ED9914A-FB6E-4D21-8C71-9122E8C3076B}.Release|Any CPU.ActiveCfg = Release|Any CPU
		{9ED9914A-FB6E-4D21-8C71-9122E8C3076B}.Release|Any CPU.Build.0 = Release|Any CPU
		{CD3EAF7D-B964-4BAF-BE4D-E2844B4C7A33}.Debug|Any CPU.ActiveCfg = Debug|Any CPU
		{CD3EAF7D-B964-4BAF-BE4D-E2844B4C7A33}.Debug|Any CPU.Build.0 = Debug|Any CPU
		{CD3EAF7D-B964-4BAF-BE4D-E2844B4C7A33}.Deploy|Any CPU.ActiveCfg = Debug|Any CPU
		{CD3EAF7D-B964-4BAF-BE4D-E2844B4C7A33}.Deploy|Any CPU.Build.0 = Debug|Any CPU
		{CD3EAF7D-B964-4BAF-BE4D-E2844B4C7A33}.Package|Any CPU.ActiveCfg = Release|Any CPU
		{CD3EAF7D-B964-4BAF-BE4D-E2844B4C7A33}.Package|Any CPU.Build.0 = Release|Any CPU
		{CD3EAF7D-B964-4BAF-BE4D-E2844B4C7A33}.Release|Any CPU.ActiveCfg = Release|Any CPU
		{CD3EAF7D-B964-4BAF-BE4D-E2844B4C7A33}.Release|Any CPU.Build.0 = Release|Any CPU
		{C353A35C-86D0-4154-9500-4F88CAAB29C3}.Debug|Any CPU.ActiveCfg = Debug|Any CPU
		{C353A35C-86D0-4154-9500-4F88CAAB29C3}.Debug|Any CPU.Build.0 = Debug|Any CPU
		{C353A35C-86D0-4154-9500-4F88CAAB29C3}.Deploy|Any CPU.ActiveCfg = Debug|Any CPU
		{C353A35C-86D0-4154-9500-4F88CAAB29C3}.Deploy|Any CPU.Build.0 = Debug|Any CPU
		{C353A35C-86D0-4154-9500-4F88CAAB29C3}.Package|Any CPU.ActiveCfg = Release|Any CPU
		{C353A35C-86D0-4154-9500-4F88CAAB29C3}.Package|Any CPU.Build.0 = Release|Any CPU
		{C353A35C-86D0-4154-9500-4F88CAAB29C3}.Release|Any CPU.ActiveCfg = Release|Any CPU
		{C353A35C-86D0-4154-9500-4F88CAAB29C3}.Release|Any CPU.Build.0 = Release|Any CPU
		{D4F4DE5E-23E1-4837-8368-7FB2DA3C07F5}.Debug|Any CPU.ActiveCfg = Debug|Any CPU
		{D4F4DE5E-23E1-4837-8368-7FB2DA3C07F5}.Debug|Any CPU.Build.0 = Debug|Any CPU
		{D4F4DE5E-23E1-4837-8368-7FB2DA3C07F5}.Deploy|Any CPU.ActiveCfg = Debug|Any CPU
		{D4F4DE5E-23E1-4837-8368-7FB2DA3C07F5}.Deploy|Any CPU.Build.0 = Debug|Any CPU
		{D4F4DE5E-23E1-4837-8368-7FB2DA3C07F5}.Package|Any CPU.ActiveCfg = Release|Any CPU
		{D4F4DE5E-23E1-4837-8368-7FB2DA3C07F5}.Package|Any CPU.Build.0 = Release|Any CPU
		{D4F4DE5E-23E1-4837-8368-7FB2DA3C07F5}.Release|Any CPU.ActiveCfg = Release|Any CPU
		{D4F4DE5E-23E1-4837-8368-7FB2DA3C07F5}.Release|Any CPU.Build.0 = Release|Any CPU
		{CE43B562-74B5-46C9-811A-CF3802539FA3}.Debug|Any CPU.ActiveCfg = Debug|Any CPU
		{CE43B562-74B5-46C9-811A-CF3802539FA3}.Debug|Any CPU.Build.0 = Debug|Any CPU
		{CE43B562-74B5-46C9-811A-CF3802539FA3}.Deploy|Any CPU.ActiveCfg = Debug|Any CPU
		{CE43B562-74B5-46C9-811A-CF3802539FA3}.Deploy|Any CPU.Build.0 = Debug|Any CPU
		{CE43B562-74B5-46C9-811A-CF3802539FA3}.Package|Any CPU.ActiveCfg = Release|Any CPU
		{CE43B562-74B5-46C9-811A-CF3802539FA3}.Package|Any CPU.Build.0 = Release|Any CPU
		{CE43B562-74B5-46C9-811A-CF3802539FA3}.Release|Any CPU.ActiveCfg = Release|Any CPU
		{CE43B562-74B5-46C9-811A-CF3802539FA3}.Release|Any CPU.Build.0 = Release|Any CPU
		{A6CBE28C-CAD6-4FC9-9C2D-B5B2DE35A33D}.Debug|Any CPU.ActiveCfg = Debug|Any CPU
		{A6CBE28C-CAD6-4FC9-9C2D-B5B2DE35A33D}.Debug|Any CPU.Build.0 = Debug|Any CPU
		{A6CBE28C-CAD6-4FC9-9C2D-B5B2DE35A33D}.Deploy|Any CPU.ActiveCfg = Debug|Any CPU
		{A6CBE28C-CAD6-4FC9-9C2D-B5B2DE35A33D}.Deploy|Any CPU.Build.0 = Debug|Any CPU
		{A6CBE28C-CAD6-4FC9-9C2D-B5B2DE35A33D}.Package|Any CPU.ActiveCfg = Release|Any CPU
		{A6CBE28C-CAD6-4FC9-9C2D-B5B2DE35A33D}.Package|Any CPU.Build.0 = Release|Any CPU
		{A6CBE28C-CAD6-4FC9-9C2D-B5B2DE35A33D}.Release|Any CPU.ActiveCfg = Release|Any CPU
		{A6CBE28C-CAD6-4FC9-9C2D-B5B2DE35A33D}.Release|Any CPU.Build.0 = Release|Any CPU
		{00F82E08-17A6-4178-86ED-41E60D7219AB}.Debug|Any CPU.ActiveCfg = Debug|Any CPU
		{00F82E08-17A6-4178-86ED-41E60D7219AB}.Debug|Any CPU.Build.0 = Debug|Any CPU
		{00F82E08-17A6-4178-86ED-41E60D7219AB}.Deploy|Any CPU.ActiveCfg = Debug|Any CPU
		{00F82E08-17A6-4178-86ED-41E60D7219AB}.Deploy|Any CPU.Build.0 = Debug|Any CPU
		{00F82E08-17A6-4178-86ED-41E60D7219AB}.Package|Any CPU.ActiveCfg = Release|Any CPU
		{00F82E08-17A6-4178-86ED-41E60D7219AB}.Package|Any CPU.Build.0 = Release|Any CPU
		{00F82E08-17A6-4178-86ED-41E60D7219AB}.Release|Any CPU.ActiveCfg = Release|Any CPU
		{00F82E08-17A6-4178-86ED-41E60D7219AB}.Release|Any CPU.Build.0 = Release|Any CPU
		{1DB1E325-A12E-4415-990C-A5DB669BE835}.Debug|Any CPU.ActiveCfg = Debug|Any CPU
		{1DB1E325-A12E-4415-990C-A5DB669BE835}.Debug|Any CPU.Build.0 = Debug|Any CPU
		{1DB1E325-A12E-4415-990C-A5DB669BE835}.Deploy|Any CPU.ActiveCfg = Debug|Any CPU
		{1DB1E325-A12E-4415-990C-A5DB669BE835}.Deploy|Any CPU.Build.0 = Debug|Any CPU
		{1DB1E325-A12E-4415-990C-A5DB669BE835}.Package|Any CPU.ActiveCfg = Release|Any CPU
		{1DB1E325-A12E-4415-990C-A5DB669BE835}.Package|Any CPU.Build.0 = Release|Any CPU
		{1DB1E325-A12E-4415-990C-A5DB669BE835}.Release|Any CPU.ActiveCfg = Release|Any CPU
		{1DB1E325-A12E-4415-990C-A5DB669BE835}.Release|Any CPU.Build.0 = Release|Any CPU
		{555357E5-A150-4C4D-BC81-97F4AE19086A}.Debug|Any CPU.ActiveCfg = Debug|Any CPU
		{555357E5-A150-4C4D-BC81-97F4AE19086A}.Debug|Any CPU.Build.0 = Debug|Any CPU
		{555357E5-A150-4C4D-BC81-97F4AE19086A}.Deploy|Any CPU.ActiveCfg = Deploy|Any CPU
		{555357E5-A150-4C4D-BC81-97F4AE19086A}.Deploy|Any CPU.Build.0 = Deploy|Any CPU
		{555357E5-A150-4C4D-BC81-97F4AE19086A}.Package|Any CPU.ActiveCfg = Package|Any CPU
		{555357E5-A150-4C4D-BC81-97F4AE19086A}.Package|Any CPU.Build.0 = Package|Any CPU
		{555357E5-A150-4C4D-BC81-97F4AE19086A}.Release|Any CPU.ActiveCfg = Release|Any CPU
		{555357E5-A150-4C4D-BC81-97F4AE19086A}.Release|Any CPU.Build.0 = Release|Any CPU
		{76BE9FEE-8A5C-43EB-8BBD-328F3988D3B6}.Debug|Any CPU.ActiveCfg = Debug|Any CPU
		{76BE9FEE-8A5C-43EB-8BBD-328F3988D3B6}.Debug|Any CPU.Build.0 = Debug|Any CPU
		{76BE9FEE-8A5C-43EB-8BBD-328F3988D3B6}.Deploy|Any CPU.ActiveCfg = Debug|Any CPU
		{76BE9FEE-8A5C-43EB-8BBD-328F3988D3B6}.Deploy|Any CPU.Build.0 = Debug|Any CPU
		{76BE9FEE-8A5C-43EB-8BBD-328F3988D3B6}.Package|Any CPU.ActiveCfg = Release|Any CPU
		{76BE9FEE-8A5C-43EB-8BBD-328F3988D3B6}.Package|Any CPU.Build.0 = Release|Any CPU
		{76BE9FEE-8A5C-43EB-8BBD-328F3988D3B6}.Release|Any CPU.ActiveCfg = Release|Any CPU
		{76BE9FEE-8A5C-43EB-8BBD-328F3988D3B6}.Release|Any CPU.Build.0 = Release|Any CPU
		{7558F209-A387-4C62-ACD1-D5AD546700F4}.Debug|Any CPU.ActiveCfg = Debug|Any CPU
		{7558F209-A387-4C62-ACD1-D5AD546700F4}.Debug|Any CPU.Build.0 = Debug|Any CPU
		{7558F209-A387-4C62-ACD1-D5AD546700F4}.Deploy|Any CPU.ActiveCfg = Debug|Any CPU
		{7558F209-A387-4C62-ACD1-D5AD546700F4}.Deploy|Any CPU.Build.0 = Debug|Any CPU
		{7558F209-A387-4C62-ACD1-D5AD546700F4}.Package|Any CPU.ActiveCfg = Release|Any CPU
		{7558F209-A387-4C62-ACD1-D5AD546700F4}.Package|Any CPU.Build.0 = Release|Any CPU
		{7558F209-A387-4C62-ACD1-D5AD546700F4}.Release|Any CPU.ActiveCfg = Release|Any CPU
		{7558F209-A387-4C62-ACD1-D5AD546700F4}.Release|Any CPU.Build.0 = Release|Any CPU
		{2FE25968-FCD2-4044-88A0-A79652F17C0A}.Debug|Any CPU.ActiveCfg = Debug|Any CPU
		{2FE25968-FCD2-4044-88A0-A79652F17C0A}.Debug|Any CPU.Build.0 = Debug|Any CPU
		{2FE25968-FCD2-4044-88A0-A79652F17C0A}.Deploy|Any CPU.ActiveCfg = Debug|Any CPU
		{2FE25968-FCD2-4044-88A0-A79652F17C0A}.Deploy|Any CPU.Build.0 = Debug|Any CPU
		{2FE25968-FCD2-4044-88A0-A79652F17C0A}.Package|Any CPU.ActiveCfg = Release|Any CPU
		{2FE25968-FCD2-4044-88A0-A79652F17C0A}.Package|Any CPU.Build.0 = Release|Any CPU
		{2FE25968-FCD2-4044-88A0-A79652F17C0A}.Release|Any CPU.ActiveCfg = Release|Any CPU
		{2FE25968-FCD2-4044-88A0-A79652F17C0A}.Release|Any CPU.Build.0 = Release|Any CPU
		{212510CE-C1CA-4CC6-A79C-C780A9501B84}.Debug|Any CPU.ActiveCfg = Debug|Any CPU
		{212510CE-C1CA-4CC6-A79C-C780A9501B84}.Debug|Any CPU.Build.0 = Debug|Any CPU
		{212510CE-C1CA-4CC6-A79C-C780A9501B84}.Deploy|Any CPU.ActiveCfg = Debug|Any CPU
		{212510CE-C1CA-4CC6-A79C-C780A9501B84}.Deploy|Any CPU.Build.0 = Debug|Any CPU
		{212510CE-C1CA-4CC6-A79C-C780A9501B84}.Package|Any CPU.ActiveCfg = Release|Any CPU
		{212510CE-C1CA-4CC6-A79C-C780A9501B84}.Package|Any CPU.Build.0 = Release|Any CPU
		{212510CE-C1CA-4CC6-A79C-C780A9501B84}.Release|Any CPU.ActiveCfg = Release|Any CPU
		{212510CE-C1CA-4CC6-A79C-C780A9501B84}.Release|Any CPU.Build.0 = Release|Any CPU
		{013B5DA5-76F9-4D7F-A174-4926BF51E24B}.Debug|Any CPU.ActiveCfg = Debug|Any CPU
		{013B5DA5-76F9-4D7F-A174-4926BF51E24B}.Debug|Any CPU.Build.0 = Debug|Any CPU
		{013B5DA5-76F9-4D7F-A174-4926BF51E24B}.Deploy|Any CPU.ActiveCfg = Debug|Any CPU
		{013B5DA5-76F9-4D7F-A174-4926BF51E24B}.Deploy|Any CPU.Build.0 = Debug|Any CPU
		{013B5DA5-76F9-4D7F-A174-4926BF51E24B}.Package|Any CPU.ActiveCfg = Release|Any CPU
		{013B5DA5-76F9-4D7F-A174-4926BF51E24B}.Package|Any CPU.Build.0 = Release|Any CPU
		{013B5DA5-76F9-4D7F-A174-4926BF51E24B}.Release|Any CPU.ActiveCfg = Release|Any CPU
		{013B5DA5-76F9-4D7F-A174-4926BF51E24B}.Release|Any CPU.Build.0 = Release|Any CPU
		{44B0F4C1-8CDC-4272-B2A2-C0AF689CEB81}.Debug|Any CPU.ActiveCfg = Debug|Any CPU
		{44B0F4C1-8CDC-4272-B2A2-C0AF689CEB81}.Debug|Any CPU.Build.0 = Debug|Any CPU
		{44B0F4C1-8CDC-4272-B2A2-C0AF689CEB81}.Deploy|Any CPU.ActiveCfg = Debug|Any CPU
		{44B0F4C1-8CDC-4272-B2A2-C0AF689CEB81}.Deploy|Any CPU.Build.0 = Debug|Any CPU
		{44B0F4C1-8CDC-4272-B2A2-C0AF689CEB81}.Package|Any CPU.ActiveCfg = Release|Any CPU
		{44B0F4C1-8CDC-4272-B2A2-C0AF689CEB81}.Package|Any CPU.Build.0 = Release|Any CPU
		{44B0F4C1-8CDC-4272-B2A2-C0AF689CEB81}.Release|Any CPU.ActiveCfg = Release|Any CPU
		{44B0F4C1-8CDC-4272-B2A2-C0AF689CEB81}.Release|Any CPU.Build.0 = Release|Any CPU
		{9F22D0A6-115B-4EB1-8506-65263674CEA3}.Debug|Any CPU.ActiveCfg = Debug|Any CPU
		{9F22D0A6-115B-4EB1-8506-65263674CEA3}.Debug|Any CPU.Build.0 = Debug|Any CPU
		{9F22D0A6-115B-4EB1-8506-65263674CEA3}.Deploy|Any CPU.ActiveCfg = Debug|Any CPU
		{9F22D0A6-115B-4EB1-8506-65263674CEA3}.Deploy|Any CPU.Build.0 = Debug|Any CPU
		{9F22D0A6-115B-4EB1-8506-65263674CEA3}.Package|Any CPU.ActiveCfg = Release|Any CPU
		{9F22D0A6-115B-4EB1-8506-65263674CEA3}.Package|Any CPU.Build.0 = Release|Any CPU
		{9F22D0A6-115B-4EB1-8506-65263674CEA3}.Release|Any CPU.ActiveCfg = Release|Any CPU
		{9F22D0A6-115B-4EB1-8506-65263674CEA3}.Release|Any CPU.Build.0 = Release|Any CPU
		{531A83D6-76F9-4014-91C5-295818E2D948}.Debug|Any CPU.ActiveCfg = Debug|Any CPU
		{531A83D6-76F9-4014-91C5-295818E2D948}.Debug|Any CPU.Build.0 = Debug|Any CPU
		{531A83D6-76F9-4014-91C5-295818E2D948}.Deploy|Any CPU.ActiveCfg = Debug|Any CPU
		{531A83D6-76F9-4014-91C5-295818E2D948}.Deploy|Any CPU.Build.0 = Debug|Any CPU
		{531A83D6-76F9-4014-91C5-295818E2D948}.Package|Any CPU.ActiveCfg = Release|Any CPU
		{531A83D6-76F9-4014-91C5-295818E2D948}.Package|Any CPU.Build.0 = Release|Any CPU
		{531A83D6-76F9-4014-91C5-295818E2D948}.Release|Any CPU.ActiveCfg = Release|Any CPU
		{531A83D6-76F9-4014-91C5-295818E2D948}.Release|Any CPU.Build.0 = Release|Any CPU
		{2DF980A6-4742-49B1-A090-DE79314644D0}.Debug|Any CPU.ActiveCfg = Debug|Any CPU
		{2DF980A6-4742-49B1-A090-DE79314644D0}.Debug|Any CPU.Build.0 = Debug|Any CPU
		{2DF980A6-4742-49B1-A090-DE79314644D0}.Deploy|Any CPU.ActiveCfg = Debug|Any CPU
		{2DF980A6-4742-49B1-A090-DE79314644D0}.Deploy|Any CPU.Build.0 = Debug|Any CPU
		{2DF980A6-4742-49B1-A090-DE79314644D0}.Package|Any CPU.ActiveCfg = Release|Any CPU
		{2DF980A6-4742-49B1-A090-DE79314644D0}.Package|Any CPU.Build.0 = Release|Any CPU
		{2DF980A6-4742-49B1-A090-DE79314644D0}.Release|Any CPU.ActiveCfg = Release|Any CPU
		{2DF980A6-4742-49B1-A090-DE79314644D0}.Release|Any CPU.Build.0 = Release|Any CPU
		{F865670A-DEDE-41B5-B426-48D73C3B5B1C}.Debug|Any CPU.ActiveCfg = Debug|Any CPU
		{F865670A-DEDE-41B5-B426-48D73C3B5B1C}.Debug|Any CPU.Build.0 = Debug|Any CPU
		{F865670A-DEDE-41B5-B426-48D73C3B5B1C}.Deploy|Any CPU.ActiveCfg = Debug|Any CPU
		{F865670A-DEDE-41B5-B426-48D73C3B5B1C}.Deploy|Any CPU.Build.0 = Debug|Any CPU
		{F865670A-DEDE-41B5-B426-48D73C3B5B1C}.Package|Any CPU.ActiveCfg = Release|Any CPU
		{F865670A-DEDE-41B5-B426-48D73C3B5B1C}.Package|Any CPU.Build.0 = Release|Any CPU
		{F865670A-DEDE-41B5-B426-48D73C3B5B1C}.Release|Any CPU.ActiveCfg = Release|Any CPU
		{F865670A-DEDE-41B5-B426-48D73C3B5B1C}.Release|Any CPU.Build.0 = Release|Any CPU
		{07625628-842E-4CAA-A029-4D6852C7CA20}.Debug|Any CPU.ActiveCfg = Debug|Any CPU
		{07625628-842E-4CAA-A029-4D6852C7CA20}.Debug|Any CPU.Build.0 = Debug|Any CPU
		{07625628-842E-4CAA-A029-4D6852C7CA20}.Deploy|Any CPU.ActiveCfg = Debug|Any CPU
		{07625628-842E-4CAA-A029-4D6852C7CA20}.Deploy|Any CPU.Build.0 = Debug|Any CPU
		{07625628-842E-4CAA-A029-4D6852C7CA20}.Package|Any CPU.ActiveCfg = Release|Any CPU
		{07625628-842E-4CAA-A029-4D6852C7CA20}.Package|Any CPU.Build.0 = Release|Any CPU
		{07625628-842E-4CAA-A029-4D6852C7CA20}.Release|Any CPU.ActiveCfg = Release|Any CPU
		{07625628-842E-4CAA-A029-4D6852C7CA20}.Release|Any CPU.Build.0 = Release|Any CPU
		{06320590-F6FC-4F8B-B3A2-2B5991676BE8}.Debug|Any CPU.ActiveCfg = Debug|Any CPU
		{06320590-F6FC-4F8B-B3A2-2B5991676BE8}.Debug|Any CPU.Build.0 = Debug|Any CPU
		{06320590-F6FC-4F8B-B3A2-2B5991676BE8}.Deploy|Any CPU.ActiveCfg = Debug|Any CPU
		{06320590-F6FC-4F8B-B3A2-2B5991676BE8}.Deploy|Any CPU.Build.0 = Debug|Any CPU
		{06320590-F6FC-4F8B-B3A2-2B5991676BE8}.Package|Any CPU.ActiveCfg = Release|Any CPU
		{06320590-F6FC-4F8B-B3A2-2B5991676BE8}.Package|Any CPU.Build.0 = Release|Any CPU
		{06320590-F6FC-4F8B-B3A2-2B5991676BE8}.Release|Any CPU.ActiveCfg = Release|Any CPU
		{06320590-F6FC-4F8B-B3A2-2B5991676BE8}.Release|Any CPU.Build.0 = Release|Any CPU
		{ECB488D9-C8E9-41E0-BE27-27F41F76F8A0}.Debug|Any CPU.ActiveCfg = Debug|Any CPU
		{ECB488D9-C8E9-41E0-BE27-27F41F76F8A0}.Debug|Any CPU.Build.0 = Debug|Any CPU
		{ECB488D9-C8E9-41E0-BE27-27F41F76F8A0}.Deploy|Any CPU.ActiveCfg = Debug|Any CPU
		{ECB488D9-C8E9-41E0-BE27-27F41F76F8A0}.Deploy|Any CPU.Build.0 = Debug|Any CPU
		{ECB488D9-C8E9-41E0-BE27-27F41F76F8A0}.Package|Any CPU.ActiveCfg = Release|Any CPU
		{ECB488D9-C8E9-41E0-BE27-27F41F76F8A0}.Package|Any CPU.Build.0 = Release|Any CPU
		{ECB488D9-C8E9-41E0-BE27-27F41F76F8A0}.Release|Any CPU.ActiveCfg = Release|Any CPU
		{ECB488D9-C8E9-41E0-BE27-27F41F76F8A0}.Release|Any CPU.Build.0 = Release|Any CPU
		{B9CF38B0-39CF-43C7-9589-166DCC665652}.Debug|Any CPU.ActiveCfg = Debug|Any CPU
		{B9CF38B0-39CF-43C7-9589-166DCC665652}.Debug|Any CPU.Build.0 = Debug|Any CPU
		{B9CF38B0-39CF-43C7-9589-166DCC665652}.Deploy|Any CPU.ActiveCfg = Debug|Any CPU
		{B9CF38B0-39CF-43C7-9589-166DCC665652}.Deploy|Any CPU.Build.0 = Debug|Any CPU
		{B9CF38B0-39CF-43C7-9589-166DCC665652}.Package|Any CPU.ActiveCfg = Package|Any CPU
		{B9CF38B0-39CF-43C7-9589-166DCC665652}.Package|Any CPU.Build.0 = Package|Any CPU
		{B9CF38B0-39CF-43C7-9589-166DCC665652}.Release|Any CPU.ActiveCfg = Release|Any CPU
		{B9CF38B0-39CF-43C7-9589-166DCC665652}.Release|Any CPU.Build.0 = Release|Any CPU
		{F80E0025-E57E-4BB5-89F2-CFBCAC1AFCF4}.Debug|Any CPU.ActiveCfg = Debug|Any CPU
		{F80E0025-E57E-4BB5-89F2-CFBCAC1AFCF4}.Debug|Any CPU.Build.0 = Debug|Any CPU
		{F80E0025-E57E-4BB5-89F2-CFBCAC1AFCF4}.Deploy|Any CPU.ActiveCfg = Debug|Any CPU
		{F80E0025-E57E-4BB5-89F2-CFBCAC1AFCF4}.Deploy|Any CPU.Build.0 = Debug|Any CPU
		{F80E0025-E57E-4BB5-89F2-CFBCAC1AFCF4}.Package|Any CPU.ActiveCfg = Package|Any CPU
		{F80E0025-E57E-4BB5-89F2-CFBCAC1AFCF4}.Package|Any CPU.Build.0 = Package|Any CPU
		{F80E0025-E57E-4BB5-89F2-CFBCAC1AFCF4}.Release|Any CPU.ActiveCfg = Release|Any CPU
		{F80E0025-E57E-4BB5-89F2-CFBCAC1AFCF4}.Release|Any CPU.Build.0 = Release|Any CPU
		{95A44CD9-4399-4DB9-823F-1A264083A390}.Debug|Any CPU.ActiveCfg = Debug|Any CPU
		{95A44CD9-4399-4DB9-823F-1A264083A390}.Debug|Any CPU.Build.0 = Debug|Any CPU
		{95A44CD9-4399-4DB9-823F-1A264083A390}.Deploy|Any CPU.ActiveCfg = Debug|Any CPU
		{95A44CD9-4399-4DB9-823F-1A264083A390}.Deploy|Any CPU.Build.0 = Debug|Any CPU
		{95A44CD9-4399-4DB9-823F-1A264083A390}.Package|Any CPU.ActiveCfg = Package|Any CPU
		{95A44CD9-4399-4DB9-823F-1A264083A390}.Package|Any CPU.Build.0 = Package|Any CPU
		{95A44CD9-4399-4DB9-823F-1A264083A390}.Release|Any CPU.ActiveCfg = Release|Any CPU
		{95A44CD9-4399-4DB9-823F-1A264083A390}.Release|Any CPU.Build.0 = Release|Any CPU
		{BCEFE9BE-7417-47FB-A0E8-75E0201E88E8}.Debug|Any CPU.ActiveCfg = Debug|Any CPU
		{BCEFE9BE-7417-47FB-A0E8-75E0201E88E8}.Debug|Any CPU.Build.0 = Debug|Any CPU
		{BCEFE9BE-7417-47FB-A0E8-75E0201E88E8}.Deploy|Any CPU.ActiveCfg = Debug|Any CPU
		{BCEFE9BE-7417-47FB-A0E8-75E0201E88E8}.Deploy|Any CPU.Build.0 = Debug|Any CPU
		{BCEFE9BE-7417-47FB-A0E8-75E0201E88E8}.Package|Any CPU.ActiveCfg = Package|Any CPU
		{BCEFE9BE-7417-47FB-A0E8-75E0201E88E8}.Package|Any CPU.Build.0 = Package|Any CPU
		{BCEFE9BE-7417-47FB-A0E8-75E0201E88E8}.Release|Any CPU.ActiveCfg = Release|Any CPU
		{BCEFE9BE-7417-47FB-A0E8-75E0201E88E8}.Release|Any CPU.Build.0 = Release|Any CPU
		{900B3FCF-BD78-4718-A34D-2662576565C8}.Debug|Any CPU.ActiveCfg = Debug|Any CPU
		{900B3FCF-BD78-4718-A34D-2662576565C8}.Debug|Any CPU.Build.0 = Debug|Any CPU
		{900B3FCF-BD78-4718-A34D-2662576565C8}.Deploy|Any CPU.ActiveCfg = Debug|Any CPU
		{900B3FCF-BD78-4718-A34D-2662576565C8}.Deploy|Any CPU.Build.0 = Debug|Any CPU
		{900B3FCF-BD78-4718-A34D-2662576565C8}.Package|Any CPU.ActiveCfg = Package|Any CPU
		{900B3FCF-BD78-4718-A34D-2662576565C8}.Package|Any CPU.Build.0 = Package|Any CPU
		{900B3FCF-BD78-4718-A34D-2662576565C8}.Release|Any CPU.ActiveCfg = Release|Any CPU
		{900B3FCF-BD78-4718-A34D-2662576565C8}.Release|Any CPU.Build.0 = Release|Any CPU
		{C72A5FC8-4B1C-4A24-A306-FB550729DBF0}.Debug|Any CPU.ActiveCfg = Debug|Any CPU
		{C72A5FC8-4B1C-4A24-A306-FB550729DBF0}.Debug|Any CPU.Build.0 = Debug|Any CPU
		{C72A5FC8-4B1C-4A24-A306-FB550729DBF0}.Deploy|Any CPU.ActiveCfg = Debug|Any CPU
		{C72A5FC8-4B1C-4A24-A306-FB550729DBF0}.Deploy|Any CPU.Build.0 = Debug|Any CPU
		{C72A5FC8-4B1C-4A24-A306-FB550729DBF0}.Package|Any CPU.ActiveCfg = Package|Any CPU
		{C72A5FC8-4B1C-4A24-A306-FB550729DBF0}.Package|Any CPU.Build.0 = Package|Any CPU
		{C72A5FC8-4B1C-4A24-A306-FB550729DBF0}.Release|Any CPU.ActiveCfg = Release|Any CPU
		{C72A5FC8-4B1C-4A24-A306-FB550729DBF0}.Release|Any CPU.Build.0 = Release|Any CPU
		{9A454596-56DC-4834-A043-F3C1443F859B}.Debug|Any CPU.ActiveCfg = Debug|Any CPU
		{9A454596-56DC-4834-A043-F3C1443F859B}.Debug|Any CPU.Build.0 = Debug|Any CPU
		{9A454596-56DC-4834-A043-F3C1443F859B}.Deploy|Any CPU.ActiveCfg = Debug|Any CPU
		{9A454596-56DC-4834-A043-F3C1443F859B}.Deploy|Any CPU.Build.0 = Debug|Any CPU
		{9A454596-56DC-4834-A043-F3C1443F859B}.Package|Any CPU.ActiveCfg = Package|Any CPU
		{9A454596-56DC-4834-A043-F3C1443F859B}.Package|Any CPU.Build.0 = Package|Any CPU
		{9A454596-56DC-4834-A043-F3C1443F859B}.Release|Any CPU.ActiveCfg = Release|Any CPU
		{9A454596-56DC-4834-A043-F3C1443F859B}.Release|Any CPU.Build.0 = Release|Any CPU
		{05E50D2F-9527-4CE8-A0F8-168281C426CB}.Debug|Any CPU.ActiveCfg = Debug|Any CPU
		{05E50D2F-9527-4CE8-A0F8-168281C426CB}.Debug|Any CPU.Build.0 = Debug|Any CPU
		{05E50D2F-9527-4CE8-A0F8-168281C426CB}.Deploy|Any CPU.ActiveCfg = Debug|Any CPU
		{05E50D2F-9527-4CE8-A0F8-168281C426CB}.Deploy|Any CPU.Build.0 = Debug|Any CPU
		{05E50D2F-9527-4CE8-A0F8-168281C426CB}.Package|Any CPU.ActiveCfg = Package|Any CPU
		{05E50D2F-9527-4CE8-A0F8-168281C426CB}.Package|Any CPU.Build.0 = Package|Any CPU
		{05E50D2F-9527-4CE8-A0F8-168281C426CB}.Release|Any CPU.ActiveCfg = Release|Any CPU
		{05E50D2F-9527-4CE8-A0F8-168281C426CB}.Release|Any CPU.Build.0 = Release|Any CPU
		{F8516C67-92BE-43FF-A8A9-B71A3EA4BE0D}.Debug|Any CPU.ActiveCfg = Debug|Any CPU
		{F8516C67-92BE-43FF-A8A9-B71A3EA4BE0D}.Debug|Any CPU.Build.0 = Debug|Any CPU
		{F8516C67-92BE-43FF-A8A9-B71A3EA4BE0D}.Deploy|Any CPU.ActiveCfg = Debug|Any CPU
		{F8516C67-92BE-43FF-A8A9-B71A3EA4BE0D}.Deploy|Any CPU.Build.0 = Debug|Any CPU
		{F8516C67-92BE-43FF-A8A9-B71A3EA4BE0D}.Package|Any CPU.ActiveCfg = Package|Any CPU
		{F8516C67-92BE-43FF-A8A9-B71A3EA4BE0D}.Package|Any CPU.Build.0 = Package|Any CPU
		{F8516C67-92BE-43FF-A8A9-B71A3EA4BE0D}.Release|Any CPU.ActiveCfg = Release|Any CPU
		{F8516C67-92BE-43FF-A8A9-B71A3EA4BE0D}.Release|Any CPU.Build.0 = Release|Any CPU
		{98379F82-90B3-4D34-A7CA-58AA33C55EB3}.Debug|Any CPU.ActiveCfg = Debug|Any CPU
		{98379F82-90B3-4D34-A7CA-58AA33C55EB3}.Debug|Any CPU.Build.0 = Debug|Any CPU
		{98379F82-90B3-4D34-A7CA-58AA33C55EB3}.Deploy|Any CPU.ActiveCfg = Debug|Any CPU
		{98379F82-90B3-4D34-A7CA-58AA33C55EB3}.Deploy|Any CPU.Build.0 = Debug|Any CPU
		{98379F82-90B3-4D34-A7CA-58AA33C55EB3}.Package|Any CPU.ActiveCfg = Debug|Any CPU
		{98379F82-90B3-4D34-A7CA-58AA33C55EB3}.Package|Any CPU.Build.0 = Debug|Any CPU
		{98379F82-90B3-4D34-A7CA-58AA33C55EB3}.Release|Any CPU.ActiveCfg = Release|Any CPU
		{98379F82-90B3-4D34-A7CA-58AA33C55EB3}.Release|Any CPU.Build.0 = Release|Any CPU
	EndGlobalSection
	GlobalSection(SolutionProperties) = preSolution
		HideSolutionNode = FALSE
	EndGlobalSection
	GlobalSection(NestedProjects) = preSolution
		{A839E4E2-D8E4-4381-9CF3-0D267053E957} = {DEE60A60-B15E-4F53-9F80-7E384F5C785B}
		{E502B308-F7C6-450B-83E0-A23951E08625} = {DEE60A60-B15E-4F53-9F80-7E384F5C785B}
		{5F605011-031B-49FA-84C3-B61D1E8891CF} = {DEE60A60-B15E-4F53-9F80-7E384F5C785B}
		{707E1C77-7A17-4C3B-8BB1-BC0D9E02A25B} = {DEE60A60-B15E-4F53-9F80-7E384F5C785B}
		{9ED9914A-FB6E-4D21-8C71-9122E8C3076B} = {F5FD6B45-5B08-4C9D-B74F-58153794742C}
		{CD3EAF7D-B964-4BAF-BE4D-E2844B4C7A33} = {AE38DFCF-FB30-4916-8DB9-41101AEA28D0}
		{C353A35C-86D0-4154-9500-4F88CAAB29C3} = {B405C88D-125B-4DEB-A0DE-BBED063AB7D1}
		{D4F4DE5E-23E1-4837-8368-7FB2DA3C07F5} = {DEE60A60-B15E-4F53-9F80-7E384F5C785B}
		{CE43B562-74B5-46C9-811A-CF3802539FA3} = {B405C88D-125B-4DEB-A0DE-BBED063AB7D1}
		{A6CBE28C-CAD6-4FC9-9C2D-B5B2DE35A33D} = {AE38DFCF-FB30-4916-8DB9-41101AEA28D0}
		{00F82E08-17A6-4178-86ED-41E60D7219AB} = {AE38DFCF-FB30-4916-8DB9-41101AEA28D0}
		{1DB1E325-A12E-4415-990C-A5DB669BE835} = {B405C88D-125B-4DEB-A0DE-BBED063AB7D1}
		{555357E5-A150-4C4D-BC81-97F4AE19086A} = {F291C4E9-C45C-4EE6-9B1B-691D0E7901BE}
		{76BE9FEE-8A5C-43EB-8BBD-328F3988D3B6} = {B405C88D-125B-4DEB-A0DE-BBED063AB7D1}
		{7558F209-A387-4C62-ACD1-D5AD546700F4} = {DEE60A60-B15E-4F53-9F80-7E384F5C785B}
		{2FE25968-FCD2-4044-88A0-A79652F17C0A} = {F5FD6B45-5B08-4C9D-B74F-58153794742C}
		{013B5DA5-76F9-4D7F-A174-4926BF51E24B} = {B405C88D-125B-4DEB-A0DE-BBED063AB7D1}
		{44B0F4C1-8CDC-4272-B2A2-C0AF689CEB81} = {B405C88D-125B-4DEB-A0DE-BBED063AB7D1}
		{9F22D0A6-115B-4EB1-8506-65263674CEA3} = {B405C88D-125B-4DEB-A0DE-BBED063AB7D1}
		{531A83D6-76F9-4014-91C5-295818E2D948} = {B405C88D-125B-4DEB-A0DE-BBED063AB7D1}
		{2DF980A6-4742-49B1-A090-DE79314644D0} = {B405C88D-125B-4DEB-A0DE-BBED063AB7D1}
		{F865670A-DEDE-41B5-B426-48D73C3B5B1C} = {B405C88D-125B-4DEB-A0DE-BBED063AB7D1}
		{07625628-842E-4CAA-A029-4D6852C7CA20} = {B405C88D-125B-4DEB-A0DE-BBED063AB7D1}
		{06320590-F6FC-4F8B-B3A2-2B5991676BE8} = {B405C88D-125B-4DEB-A0DE-BBED063AB7D1}
		{ECB488D9-C8E9-41E0-BE27-27F41F76F8A0} = {B405C88D-125B-4DEB-A0DE-BBED063AB7D1}
		{B9CF38B0-39CF-43C7-9589-166DCC665652} = {F291C4E9-C45C-4EE6-9B1B-691D0E7901BE}
		{F80E0025-E57E-4BB5-89F2-CFBCAC1AFCF4} = {F291C4E9-C45C-4EE6-9B1B-691D0E7901BE}
		{95A44CD9-4399-4DB9-823F-1A264083A390} = {F291C4E9-C45C-4EE6-9B1B-691D0E7901BE}
		{BCEFE9BE-7417-47FB-A0E8-75E0201E88E8} = {F291C4E9-C45C-4EE6-9B1B-691D0E7901BE}
		{900B3FCF-BD78-4718-A34D-2662576565C8} = {F291C4E9-C45C-4EE6-9B1B-691D0E7901BE}
		{C72A5FC8-4B1C-4A24-A306-FB550729DBF0} = {F291C4E9-C45C-4EE6-9B1B-691D0E7901BE}
		{9A454596-56DC-4834-A043-F3C1443F859B} = {F291C4E9-C45C-4EE6-9B1B-691D0E7901BE}
		{05E50D2F-9527-4CE8-A0F8-168281C426CB} = {F291C4E9-C45C-4EE6-9B1B-691D0E7901BE}
		{F8516C67-92BE-43FF-A8A9-B71A3EA4BE0D} = {F291C4E9-C45C-4EE6-9B1B-691D0E7901BE}
		{98379F82-90B3-4D34-A7CA-58AA33C55EB3} = {32A9E1CC-E845-4800-B427-11A68C78DDEA}
	EndGlobalSection
	GlobalSection(ExtensibilityGlobals) = postSolution
		SolutionGuid = {5544EF74-F235-4DAA-BCCD-E2FA1A14868C}
	EndGlobalSection
EndGlobal
